
Microsoft Visual Studio Solution File, Format Version 12.00
# Visual Studio Version 16
VisualStudioVersion = 16.0.30621.155
MinimumVisualStudioVersion = 10.0.40219.1
Project("{FAE04EC0-301F-11D3-BF4B-00C04F79EFBC}") = "OOP_Laba10", "OOP_Laba10.csproj", "{10D60406-E525-4267-82E6-7057134754B9}"
EndProject
Global
	GlobalSection(SolutionConfigurationPlatforms) = preSolution
		Debug|Any CPU = Debug|Any CPU
		Release|Any CPU = Release|Any CPU
	EndGlobalSection
	GlobalSection(ProjectConfigurationPlatforms) = postSolution
		{10D60406-E525-4267-82E6-7057134754B9}.Debug|Any CPU.ActiveCfg = Debug|Any CPU
		{10D60406-E525-4267-82E6-7057134754B9}.Debug|Any CPU.Build.0 = Debug|Any CPU
		{10D60406-E525-4267-82E6-7057134754B9}.Release|Any CPU.ActiveCfg = Release|Any CPU
		{10D60406-E525-4267-82E6-7057134754B9}.Release|Any CPU.Build.0 = Release|Any CPU
	EndGlobalSection
	GlobalSection(SolutionProperties) = preSolution
		HideSolutionNode = FALSE
	EndGlobalSection
	GlobalSection(ExtensibilityGlobals) = postSolution
		SolutionGuid = {B63F912E-FBFA-4F8F-A64E-B0D98BA5F6A5}
	EndGlobalSection
EndGlobal
